
Microsoft Visual Studio Solution File, Format Version 12.00
# Visual Studio 14
VisualStudioVersion = 14.0.22823.1
MinimumVisualStudioVersion = 10.0.40219.1
Project("{FAE04EC0-301F-11D3-BF4B-00C04F79EFBC}") = "StringCalculator", "StringCalculator\StringCalculator.csproj", "{0E727BD8-8DF2-4260-852B-87E1AC9DA538}"
EndProject
Project("{FAE04EC0-301F-11D3-BF4B-00C04F79EFBC}") = "StringCalculator.Tests", "StringCalculator.Tests\StringCalculator.Tests.csproj", "{C27147B8-CEA2-4A6A-8C73-BCD39B7C43FA}"
EndProject
Global
	GlobalSection(SolutionConfigurationPlatforms) = preSolution
		Debug|Any CPU = Debug|Any CPU
		Release|Any CPU = Release|Any CPU
	EndGlobalSection
	GlobalSection(ProjectConfigurationPlatforms) = postSolution
		{0E727BD8-8DF2-4260-852B-87E1AC9DA538}.Debug|Any CPU.ActiveCfg = Debug|Any CPU
		{0E727BD8-8DF2-4260-852B-87E1AC9DA538}.Debug|Any CPU.Build.0 = Debug|Any CPU
		{0E727BD8-8DF2-4260-852B-87E1AC9DA538}.Release|Any CPU.ActiveCfg = Release|Any CPU
		{0E727BD8-8DF2-4260-852B-87E1AC9DA538}.Release|Any CPU.Build.0 = Release|Any CPU
		{C27147B8-CEA2-4A6A-8C73-BCD39B7C43FA}.Debug|Any CPU.ActiveCfg = Debug|Any CPU
		{C27147B8-CEA2-4A6A-8C73-BCD39B7C43FA}.Debug|Any CPU.Build.0 = Debug|Any CPU
		{C27147B8-CEA2-4A6A-8C73-BCD39B7C43FA}.Release|Any CPU.ActiveCfg = Release|Any CPU
		{C27147B8-CEA2-4A6A-8C73-BCD39B7C43FA}.Release|Any CPU.Build.0 = Release|Any CPU
	EndGlobalSection
	GlobalSection(SolutionProperties) = preSolution
		HideSolutionNode = FALSE
	EndGlobalSection
EndGlobal
